// !$*UTF8*$!
{
	archiveVersion = 1;
	classes = {
	};
	objectVersion = 56;
	objects = {

/* Begin PBXBuildFile section */
		AC0D21E39C7027F4ECECF883 /* Pods_ndelook.framework in Frameworks */ = {isa = PBXBuildFile; fileRef = 93740D76E3B363BD0BB61C3A /* Pods_ndelook.framework */; };
		D03FF2372A5856F200F27A39 /* AppDelegate.swift in Sources */ = {isa = PBXBuildFile; fileRef = D03FF2362A5856F200F27A39 /* AppDelegate.swift */; };
		D03FF2392A5856F200F27A39 /* SceneDelegate.swift in Sources */ = {isa = PBXBuildFile; fileRef = D03FF2382A5856F200F27A39 /* SceneDelegate.swift */; };
		D03FF2402A5856F300F27A39 /* Assets.xcassets in Resources */ = {isa = PBXBuildFile; fileRef = D03FF23F2A5856F300F27A39 /* Assets.xcassets */; };
		D03FF2432A5856F300F27A39 /* LaunchScreen.storyboard in Resources */ = {isa = PBXBuildFile; fileRef = D03FF2412A5856F300F27A39 /* LaunchScreen.storyboard */; };
		D048E3322A59111600308D47 /* APIServiceManager.swift in Sources */ = {isa = PBXBuildFile; fileRef = D048E3312A59111600308D47 /* APIServiceManager.swift */; };
		D048E3352A59115700308D47 /* Error.swift in Sources */ = {isa = PBXBuildFile; fileRef = D048E3342A59115700308D47 /* Error.swift */; };
		D048E3372A59119D00308D47 /* RequestModel.swift in Sources */ = {isa = PBXBuildFile; fileRef = D048E3362A59119D00308D47 /* RequestModel.swift */; };
		D048E3392A5916D800308D47 /* BaseResponse.swift in Sources */ = {isa = PBXBuildFile; fileRef = D048E3382A5916D800308D47 /* BaseResponse.swift */; };
		D048E33B2A5917B300308D47 /* Genre.swift in Sources */ = {isa = PBXBuildFile; fileRef = D048E33A2A5917B300308D47 /* Genre.swift */; };
		D048E33D2A59184F00308D47 /* Movie.swift in Sources */ = {isa = PBXBuildFile; fileRef = D048E33C2A59184F00308D47 /* Movie.swift */; };
		D048E3402A591C1900308D47 /* RemoteDataSource.swift in Sources */ = {isa = PBXBuildFile; fileRef = D048E33F2A591C1900308D47 /* RemoteDataSource.swift */; };
		D048E3422A5921C100308D47 /* NetworkConstant.plist in Resources */ = {isa = PBXBuildFile; fileRef = D048E3412A5921C100308D47 /* NetworkConstant.plist */; };
		D048E3452A59231000308D47 /* NetworkConstant.swift in Sources */ = {isa = PBXBuildFile; fileRef = D048E3442A59231000308D47 /* NetworkConstant.swift */; };
		D048E3472A5923E400308D47 /* PlistHelper.swift in Sources */ = {isa = PBXBuildFile; fileRef = D048E3462A5923E400308D47 /* PlistHelper.swift */; };
		D048E3492A59250600308D47 /* GetDiscoverMoviesRequestModel.swift in Sources */ = {isa = PBXBuildFile; fileRef = D048E3482A59250600308D47 /* GetDiscoverMoviesRequestModel.swift */; };
		D048E34B2A593D0800308D47 /* GetGenresRequestModel.swift in Sources */ = {isa = PBXBuildFile; fileRef = D048E34A2A593D0800308D47 /* GetGenresRequestModel.swift */; };
		D048E34D2A593F4600308D47 /* DiscoverRemoteDataSource.swift in Sources */ = {isa = PBXBuildFile; fileRef = D048E34C2A593F4600308D47 /* DiscoverRemoteDataSource.swift */; };
		D048E3502A593FDA00308D47 /* DiscoverRepository.swift in Sources */ = {isa = PBXBuildFile; fileRef = D048E34F2A593FDA00308D47 /* DiscoverRepository.swift */; };
		D048E3522A59401800308D47 /* DiscoverMovieDomain.swift in Sources */ = {isa = PBXBuildFile; fileRef = D048E3512A59401800308D47 /* DiscoverMovieDomain.swift */; };
		D048E3542A5940F200308D47 /* DomainModel.swift in Sources */ = {isa = PBXBuildFile; fileRef = D048E3532A5940F200308D47 /* DomainModel.swift */; };
		D048E3562A59410F00308D47 /* BaseDomain.swift in Sources */ = {isa = PBXBuildFile; fileRef = D048E3552A59410F00308D47 /* BaseDomain.swift */; };
		D048E3582A59414D00308D47 /* GenreDomain.swift in Sources */ = {isa = PBXBuildFile; fileRef = D048E3572A59414D00308D47 /* GenreDomain.swift */; };
		D048E35A2A59448700308D47 /* DiscoverRouter.swift in Sources */ = {isa = PBXBuildFile; fileRef = D048E3592A59448700308D47 /* DiscoverRouter.swift */; };
		D048E35C2A59449100308D47 /* DiscoverPresenter.swift in Sources */ = {isa = PBXBuildFile; fileRef = D048E35B2A59449100308D47 /* DiscoverPresenter.swift */; };
		D048E35E2A5944B200308D47 /* DiscoverViewController.swift in Sources */ = {isa = PBXBuildFile; fileRef = D048E35D2A5944B200308D47 /* DiscoverViewController.swift */; };
		D048E3612A59462900308D47 /* NiblessView.swift in Sources */ = {isa = PBXBuildFile; fileRef = D048E3602A59462900308D47 /* NiblessView.swift */; };
		D048E3632A59464000308D47 /* NiblessViewController.swift in Sources */ = {isa = PBXBuildFile; fileRef = D048E3622A59464000308D47 /* NiblessViewController.swift */; };
		D048E3652A59466000308D47 /* Presentation.swift in Sources */ = {isa = PBXBuildFile; fileRef = D048E3642A59466000308D47 /* Presentation.swift */; };
		D048E3672A59467000308D47 /* Wireframe.swift in Sources */ = {isa = PBXBuildFile; fileRef = D048E3662A59467000308D47 /* Wireframe.swift */; };
		D048E3692A59469000308D47 /* UIView+Layout.swift in Sources */ = {isa = PBXBuildFile; fileRef = D048E3682A59469000308D47 /* UIView+Layout.swift */; };
		D048E36B2A5946B300308D47 /* UIViewController+Layout.swift in Sources */ = {isa = PBXBuildFile; fileRef = D048E36A2A5946B300308D47 /* UIViewController+Layout.swift */; };
		D048E36D2A5946D600308D47 /* Publisher+Extension.swift in Sources */ = {isa = PBXBuildFile; fileRef = D048E36C2A5946D600308D47 /* Publisher+Extension.swift */; };
		D048E36F2A5946F500308D47 /* UICollectionView+Extension.swift in Sources */ = {isa = PBXBuildFile; fileRef = D048E36E2A5946F500308D47 /* UICollectionView+Extension.swift */; };
		D048E3712A59471A00308D47 /* UIImageView+Extension.swift in Sources */ = {isa = PBXBuildFile; fileRef = D048E3702A59471A00308D47 /* UIImageView+Extension.swift */; };
		D048E3732A59489000308D47 /* AppColor.swift in Sources */ = {isa = PBXBuildFile; fileRef = D048E3722A59489000308D47 /* AppColor.swift */; };
		D048E3752A594AC900308D47 /* DiscoverViewController+Layout.swift in Sources */ = {isa = PBXBuildFile; fileRef = D048E3742A594AC900308D47 /* DiscoverViewController+Layout.swift */; };
		D048E3772A594B5100308D47 /* MovieDetailViewController.swift in Sources */ = {isa = PBXBuildFile; fileRef = D048E3762A594B5000308D47 /* MovieDetailViewController.swift */; };
		D048E3792A594B6C00308D47 /* MovieDetailRouter.swift in Sources */ = {isa = PBXBuildFile; fileRef = D048E3782A594B6C00308D47 /* MovieDetailRouter.swift */; };
		D048E37C2A594B8100308D47 /* MovieDetailPresenter.swift in Sources */ = {isa = PBXBuildFile; fileRef = D048E37B2A594B8100308D47 /* MovieDetailPresenter.swift */; };
		D048E37E2A594BF200308D47 /* MovieDetailViewController+Layout.swift in Sources */ = {isa = PBXBuildFile; fileRef = D048E37D2A594BF200308D47 /* MovieDetailViewController+Layout.swift */; };
		D048E3812A594C5700308D47 /* HomeViewController.swift in Sources */ = {isa = PBXBuildFile; fileRef = D048E3802A594C5700308D47 /* HomeViewController.swift */; };
		D048E3832A594C6800308D47 /* HomeRouter.swift in Sources */ = {isa = PBXBuildFile; fileRef = D048E3822A594C6800308D47 /* HomeRouter.swift */; };
		D048E3852A594C7E00308D47 /* HomePresenter.swift in Sources */ = {isa = PBXBuildFile; fileRef = D048E3842A594C7E00308D47 /* HomePresenter.swift */; };
		D048E3872A594D1100308D47 /* HomeViewController+Layout.swift in Sources */ = {isa = PBXBuildFile; fileRef = D048E3862A594D1100308D47 /* HomeViewController+Layout.swift */; };
		D048E3892A59564F00308D47 /* AppLabel.swift in Sources */ = {isa = PBXBuildFile; fileRef = D048E3882A59564F00308D47 /* AppLabel.swift */; };
		D048E38B2A59566100308D47 /* AppTheme.swift in Sources */ = {isa = PBXBuildFile; fileRef = D048E38A2A59566100308D47 /* AppTheme.swift */; };
		D048E38D2A59576400308D47 /* AppButton.swift in Sources */ = {isa = PBXBuildFile; fileRef = D048E38C2A59576400308D47 /* AppButton.swift */; };
		D048E38F2A59578E00308D47 /* UIColor+Extension.swift in Sources */ = {isa = PBXBuildFile; fileRef = D048E38E2A59578E00308D47 /* UIColor+Extension.swift */; };
		D048E3912A5957EC00308D47 /* AppImageView.swift in Sources */ = {isa = PBXBuildFile; fileRef = D048E3902A5957EC00308D47 /* AppImageView.swift */; };
		D048E3952A5958A600308D47 /* AppCollectionViewCell.swift in Sources */ = {isa = PBXBuildFile; fileRef = D048E3942A5958A600308D47 /* AppCollectionViewCell.swift */; };
		D048E3972A5973C700308D47 /* GetMovieDetailsRequestModel.swift in Sources */ = {isa = PBXBuildFile; fileRef = D048E3962A5973C700308D47 /* GetMovieDetailsRequestModel.swift */; };
		D048E3992A5975CA00308D47 /* MovieRepository.swift in Sources */ = {isa = PBXBuildFile; fileRef = D048E3982A5975CA00308D47 /* MovieRepository.swift */; };
		D048E39B2A59766700308D47 /* MovieDetailDomain.swift in Sources */ = {isa = PBXBuildFile; fileRef = D048E39A2A59766700308D47 /* MovieDetailDomain.swift */; };
		D048E39D2A59798D00308D47 /* MovieRemoteDataSource.swift in Sources */ = {isa = PBXBuildFile; fileRef = D048E39C2A59798D00308D47 /* MovieRemoteDataSource.swift */; };
		D048E3A02A5983BD00308D47 /* AppView.swift in Sources */ = {isa = PBXBuildFile; fileRef = D048E39F2A5983BD00308D47 /* AppView.swift */; };
		D048E3A22A59858D00308D47 /* GetMovieDetailInteractor.swift in Sources */ = {isa = PBXBuildFile; fileRef = D048E3A12A59858D00308D47 /* GetMovieDetailInteractor.swift */; };
		D048E3A42A59860200308D47 /* Usecase.swift in Sources */ = {isa = PBXBuildFile; fileRef = D048E3A32A59860200308D47 /* Usecase.swift */; };
		D048E3A72A59866900308D47 /* RepositoryInjection.swift in Sources */ = {isa = PBXBuildFile; fileRef = D048E3A62A59866900308D47 /* RepositoryInjection.swift */; };
		D048E3A92A598B3900308D47 /* Video.swift in Sources */ = {isa = PBXBuildFile; fileRef = D048E3A82A598B3900308D47 /* Video.swift */; };
		D048E3AB2A598C1F00308D47 /* GetMovieVideosRequestModel.swift in Sources */ = {isa = PBXBuildFile; fileRef = D048E3AA2A598C1F00308D47 /* GetMovieVideosRequestModel.swift */; };
		D048E3AD2A598D9800308D47 /* MovieDomain.swift in Sources */ = {isa = PBXBuildFile; fileRef = D048E3AC2A598D9800308D47 /* MovieDomain.swift */; };
		D048E3AF2A598FCC00308D47 /* GetMovieVideosInteractor.swift in Sources */ = {isa = PBXBuildFile; fileRef = D048E3AE2A598FCC00308D47 /* GetMovieVideosInteractor.swift */; };
		D048E3B12A59984000308D47 /* Int+Extension.swift in Sources */ = {isa = PBXBuildFile; fileRef = D048E3B02A59984000308D47 /* Int+Extension.swift */; };
		D048E3B32A59A45C00308D47 /* Review.swift in Sources */ = {isa = PBXBuildFile; fileRef = D048E3B22A59A45C00308D47 /* Review.swift */; };
		D048E3B52A59A4CD00308D47 /* GetMovieReviewsRequestModel.swift in Sources */ = {isa = PBXBuildFile; fileRef = D048E3B42A59A4CD00308D47 /* GetMovieReviewsRequestModel.swift */; };
		D048E3B72A59A52E00308D47 /* ReviewDomain.swift in Sources */ = {isa = PBXBuildFile; fileRef = D048E3B62A59A52E00308D47 /* ReviewDomain.swift */; };
		D048E3B92A59AD1B00308D47 /* MovieViewCell.swift in Sources */ = {isa = PBXBuildFile; fileRef = D048E3B82A59AD1B00308D47 /* MovieViewCell.swift */; };
		D048E3BB2A59AD8400308D47 /* NiblessCollectionViewCell.swift in Sources */ = {isa = PBXBuildFile; fileRef = D048E3BA2A59AD8400308D47 /* NiblessCollectionViewCell.swift */; };
		D048E3BD2A59B15800308D47 /* ImageResourceHelper.swift in Sources */ = {isa = PBXBuildFile; fileRef = D048E3BC2A59B15800308D47 /* ImageResourceHelper.swift */; };
		D048E3BF2A59B40600308D47 /* HomeViewController+CollectionDelegate.swift in Sources */ = {isa = PBXBuildFile; fileRef = D048E3BE2A59B40600308D47 /* HomeViewController+CollectionDelegate.swift */; };
		D048E3C12A59B42900308D47 /* HomeViewController+CollectionDataSource.swift in Sources */ = {isa = PBXBuildFile; fileRef = D048E3C02A59B42900308D47 /* HomeViewController+CollectionDataSource.swift */; };
		D048E3C42A59B4B100308D47 /* HomeSection.swift in Sources */ = {isa = PBXBuildFile; fileRef = D048E3C32A59B4B100308D47 /* HomeSection.swift */; };
		D048E3C62A59B90600308D47 /* GenreViewCell.swift in Sources */ = {isa = PBXBuildFile; fileRef = D048E3C52A59B90600308D47 /* GenreViewCell.swift */; };
		D048E3C82A59BDEE00308D47 /* UIScreen+Extension.swift in Sources */ = {isa = PBXBuildFile; fileRef = D048E3C72A59BDEE00308D47 /* UIScreen+Extension.swift */; };
		D048E3CC2A59BFEA00308D47 /* SectionHeaderReusableView.swift in Sources */ = {isa = PBXBuildFile; fileRef = D048E3CB2A59BFEA00308D47 /* SectionHeaderReusableView.swift */; };
		D048E3CE2A59C01800308D47 /* NiblessReusableView.swift in Sources */ = {isa = PBXBuildFile; fileRef = D048E3CD2A59C01800308D47 /* NiblessReusableView.swift */; };
		D048E3D02A59C2F700308D47 /* GetGenresInteractor.swift in Sources */ = {isa = PBXBuildFile; fileRef = D048E3CF2A59C2F700308D47 /* GetGenresInteractor.swift */; };
		D048E3D42A59CA2100308D47 /* GetMoviesPopularRequestModel.swift in Sources */ = {isa = PBXBuildFile; fileRef = D048E3D32A59CA2100308D47 /* GetMoviesPopularRequestModel.swift */; };
		D048E3D62A59CA6B00308D47 /* GetMoviesUpcomingRequestModel.swift in Sources */ = {isa = PBXBuildFile; fileRef = D048E3D52A59CA6B00308D47 /* GetMoviesUpcomingRequestModel.swift */; };
		D048E3D82A59CA8900308D47 /* GetMoviesTopRatedRequestModel.swift in Sources */ = {isa = PBXBuildFile; fileRef = D048E3D72A59CA8900308D47 /* GetMoviesTopRatedRequestModel.swift */; };
		D048E3DA2A59CAB100308D47 /* GetMoviesNowPlayingRequestModel.swift in Sources */ = {isa = PBXBuildFile; fileRef = D048E3D92A59CAB100308D47 /* GetMoviesNowPlayingRequestModel.swift */; };
		D048E3DC2A59D7AA00308D47 /* GetPopularMoviesInteractor.swift in Sources */ = {isa = PBXBuildFile; fileRef = D048E3DB2A59D7AA00308D47 /* GetPopularMoviesInteractor.swift */; };
		D048E3DE2A59D7BE00308D47 /* GetNowPlayingInteractor.swift in Sources */ = {isa = PBXBuildFile; fileRef = D048E3DD2A59D7BE00308D47 /* GetNowPlayingInteractor.swift */; };
		D048E3E02A59D7D700308D47 /* GetTopRatedMoviesInteractor.swift in Sources */ = {isa = PBXBuildFile; fileRef = D048E3DF2A59D7D700308D47 /* GetTopRatedMoviesInteractor.swift */; };
		D048E3E22A59D7FD00308D47 /* GetUpcomingMoviesInteractor.swift in Sources */ = {isa = PBXBuildFile; fileRef = D048E3E12A59D7FD00308D47 /* GetUpcomingMoviesInteractor.swift */; };
		D048E3E52A5A582100308D47 /* DiscoverViewController+CollectionDelegate.swift in Sources */ = {isa = PBXBuildFile; fileRef = D048E3E42A5A582100308D47 /* DiscoverViewController+CollectionDelegate.swift */; };
		D048E3E72A5A583300308D47 /* DiscoverViewController+CollevtionDataSource.swift in Sources */ = {isa = PBXBuildFile; fileRef = D048E3E62A5A583300308D47 /* DiscoverViewController+CollevtionDataSource.swift */; };
		D048E3E92A5A597E00308D47 /* GetMoviesInteractor.swift in Sources */ = {isa = PBXBuildFile; fileRef = D048E3E82A5A597E00308D47 /* GetMoviesInteractor.swift */; };
		D048E3EB2A5A6F2100308D47 /* String+Extension.swift in Sources */ = {isa = PBXBuildFile; fileRef = D048E3EA2A5A6F2100308D47 /* String+Extension.swift */; };
		D048E3EE2A5A762200308D47 /* GetMovieReviewsInteractor.swift in Sources */ = {isa = PBXBuildFile; fileRef = D048E3ED2A5A762200308D47 /* GetMovieReviewsInteractor.swift */; };
		D048E3F02A5A7DDA00308D47 /* ActionButtonSectionView.swift in Sources */ = {isa = PBXBuildFile; fileRef = D048E3EF2A5A7DDA00308D47 /* ActionButtonSectionView.swift */; };
		D048E3F42A5A7F4C00308D47 /* ReviewsViewController.swift in Sources */ = {isa = PBXBuildFile; fileRef = D048E3F32A5A7F4C00308D47 /* ReviewsViewController.swift */; };
		D048E3F62A5A7F5800308D47 /* ReviewsRouter.swift in Sources */ = {isa = PBXBuildFile; fileRef = D048E3F52A5A7F5800308D47 /* ReviewsRouter.swift */; };
		D048E3F82A5A7F6300308D47 /* ReviewsPresenter.swift in Sources */ = {isa = PBXBuildFile; fileRef = D048E3F72A5A7F6300308D47 /* ReviewsPresenter.swift */; };
		D048E3FA2A5A808E00308D47 /* ReviewsViewController+Layout.swift in Sources */ = {isa = PBXBuildFile; fileRef = D048E3F92A5A808E00308D47 /* ReviewsViewController+Layout.swift */; };
		D048E3FC2A5A80C800308D47 /* ReviewViewCell.swift in Sources */ = {isa = PBXBuildFile; fileRef = D048E3FB2A5A80C800308D47 /* ReviewViewCell.swift */; };
		D048E3FE2A5A85C400308D47 /* ReviewsViewController+CollectionDelegate.swift in Sources */ = {isa = PBXBuildFile; fileRef = D048E3FD2A5A85C400308D47 /* ReviewsViewController+CollectionDelegate.swift */; };
		D048E4002A5A85DD00308D47 /* ReviewsViewController+CollectionDataSource.swift in Sources */ = {isa = PBXBuildFile; fileRef = D048E3FF2A5A85DD00308D47 /* ReviewsViewController+CollectionDataSource.swift */; };
		D048E4022A5A88F100308D47 /* IconButton.swift in Sources */ = {isa = PBXBuildFile; fileRef = D048E4012A5A88F100308D47 /* IconButton.swift */; };
		D048E4042A5A9E5500308D47 /* UIView+Extension.swift in Sources */ = {isa = PBXBuildFile; fileRef = D048E4032A5A9E5500308D47 /* UIView+Extension.swift */; };
		D048E4062A5AA2D800308D47 /* MovieInformationSectionView.swift in Sources */ = {isa = PBXBuildFile; fileRef = D048E4052A5AA2D800308D47 /* MovieInformationSectionView.swift */; };
/* End PBXBuildFile section */

/* Begin PBXFileReference section */
		167F3A51727AE602129DF068 /* Pods-ndelook.release.xcconfig */ = {isa = PBXFileReference; includeInIndex = 1; lastKnownFileType = text.xcconfig; name = "Pods-ndelook.release.xcconfig"; path = "Target Support Files/Pods-ndelook/Pods-ndelook.release.xcconfig"; sourceTree = "<group>"; };
		2C09C6262A14C8A02C24311E /* Pods-ndelook.debug.xcconfig */ = {isa = PBXFileReference; includeInIndex = 1; lastKnownFileType = text.xcconfig; name = "Pods-ndelook.debug.xcconfig"; path = "Target Support Files/Pods-ndelook/Pods-ndelook.debug.xcconfig"; sourceTree = "<group>"; };
		93740D76E3B363BD0BB61C3A /* Pods_ndelook.framework */ = {isa = PBXFileReference; explicitFileType = wrapper.framework; includeInIndex = 0; path = Pods_ndelook.framework; sourceTree = BUILT_PRODUCTS_DIR; };
		D03FF2332A5856F200F27A39 /* ndelook.app */ = {isa = PBXFileReference; explicitFileType = wrapper.application; includeInIndex = 0; path = ndelook.app; sourceTree = BUILT_PRODUCTS_DIR; };
		D03FF2362A5856F200F27A39 /* AppDelegate.swift */ = {isa = PBXFileReference; lastKnownFileType = sourcecode.swift; path = AppDelegate.swift; sourceTree = "<group>"; };
		D03FF2382A5856F200F27A39 /* SceneDelegate.swift */ = {isa = PBXFileReference; lastKnownFileType = sourcecode.swift; path = SceneDelegate.swift; sourceTree = "<group>"; };
		D03FF23F2A5856F300F27A39 /* Assets.xcassets */ = {isa = PBXFileReference; lastKnownFileType = folder.assetcatalog; path = Assets.xcassets; sourceTree = "<group>"; };
		D03FF2422A5856F300F27A39 /* Base */ = {isa = PBXFileReference; lastKnownFileType = file.storyboard; name = Base; path = Base.lproj/LaunchScreen.storyboard; sourceTree = "<group>"; };
		D03FF2442A5856F300F27A39 /* Info.plist */ = {isa = PBXFileReference; lastKnownFileType = text.plist.xml; path = Info.plist; sourceTree = "<group>"; };
		D048E3312A59111600308D47 /* APIServiceManager.swift */ = {isa = PBXFileReference; lastKnownFileType = sourcecode.swift; path = APIServiceManager.swift; sourceTree = "<group>"; };
		D048E3342A59115700308D47 /* Error.swift */ = {isa = PBXFileReference; lastKnownFileType = sourcecode.swift; path = Error.swift; sourceTree = "<group>"; };
		D048E3362A59119D00308D47 /* RequestModel.swift */ = {isa = PBXFileReference; lastKnownFileType = sourcecode.swift; path = RequestModel.swift; sourceTree = "<group>"; };
		D048E3382A5916D800308D47 /* BaseResponse.swift */ = {isa = PBXFileReference; lastKnownFileType = sourcecode.swift; path = BaseResponse.swift; sourceTree = "<group>"; };
		D048E33A2A5917B300308D47 /* Genre.swift */ = {isa = PBXFileReference; lastKnownFileType = sourcecode.swift; path = Genre.swift; sourceTree = "<group>"; };
		D048E33C2A59184F00308D47 /* Movie.swift */ = {isa = PBXFileReference; lastKnownFileType = sourcecode.swift; path = Movie.swift; sourceTree = "<group>"; };
		D048E33F2A591C1900308D47 /* RemoteDataSource.swift */ = {isa = PBXFileReference; lastKnownFileType = sourcecode.swift; path = RemoteDataSource.swift; sourceTree = "<group>"; };
		D048E3412A5921C100308D47 /* NetworkConstant.plist */ = {isa = PBXFileReference; lastKnownFileType = text.plist.xml; path = NetworkConstant.plist; sourceTree = "<group>"; };
		D048E3442A59231000308D47 /* NetworkConstant.swift */ = {isa = PBXFileReference; lastKnownFileType = sourcecode.swift; path = NetworkConstant.swift; sourceTree = "<group>"; };
		D048E3462A5923E400308D47 /* PlistHelper.swift */ = {isa = PBXFileReference; lastKnownFileType = sourcecode.swift; path = PlistHelper.swift; sourceTree = "<group>"; };
		D048E3482A59250600308D47 /* GetDiscoverMoviesRequestModel.swift */ = {isa = PBXFileReference; lastKnownFileType = sourcecode.swift; path = GetDiscoverMoviesRequestModel.swift; sourceTree = "<group>"; };
		D048E34A2A593D0800308D47 /* GetGenresRequestModel.swift */ = {isa = PBXFileReference; lastKnownFileType = sourcecode.swift; path = GetGenresRequestModel.swift; sourceTree = "<group>"; };
		D048E34C2A593F4600308D47 /* DiscoverRemoteDataSource.swift */ = {isa = PBXFileReference; lastKnownFileType = sourcecode.swift; path = DiscoverRemoteDataSource.swift; sourceTree = "<group>"; };
		D048E34F2A593FDA00308D47 /* DiscoverRepository.swift */ = {isa = PBXFileReference; lastKnownFileType = sourcecode.swift; path = DiscoverRepository.swift; sourceTree = "<group>"; };
		D048E3512A59401800308D47 /* DiscoverMovieDomain.swift */ = {isa = PBXFileReference; lastKnownFileType = sourcecode.swift; path = DiscoverMovieDomain.swift; sourceTree = "<group>"; };
		D048E3532A5940F200308D47 /* DomainModel.swift */ = {isa = PBXFileReference; lastKnownFileType = sourcecode.swift; path = DomainModel.swift; sourceTree = "<group>"; };
		D048E3552A59410F00308D47 /* BaseDomain.swift */ = {isa = PBXFileReference; lastKnownFileType = sourcecode.swift; path = BaseDomain.swift; sourceTree = "<group>"; };
		D048E3572A59414D00308D47 /* GenreDomain.swift */ = {isa = PBXFileReference; lastKnownFileType = sourcecode.swift; path = GenreDomain.swift; sourceTree = "<group>"; };
		D048E3592A59448700308D47 /* DiscoverRouter.swift */ = {isa = PBXFileReference; lastKnownFileType = sourcecode.swift; path = DiscoverRouter.swift; sourceTree = "<group>"; };
		D048E35B2A59449100308D47 /* DiscoverPresenter.swift */ = {isa = PBXFileReference; lastKnownFileType = sourcecode.swift; path = DiscoverPresenter.swift; sourceTree = "<group>"; };
		D048E35D2A5944B200308D47 /* DiscoverViewController.swift */ = {isa = PBXFileReference; lastKnownFileType = sourcecode.swift; path = DiscoverViewController.swift; sourceTree = "<group>"; };
		D048E3602A59462900308D47 /* NiblessView.swift */ = {isa = PBXFileReference; lastKnownFileType = sourcecode.swift; path = NiblessView.swift; sourceTree = "<group>"; };
		D048E3622A59464000308D47 /* NiblessViewController.swift */ = {isa = PBXFileReference; lastKnownFileType = sourcecode.swift; path = NiblessViewController.swift; sourceTree = "<group>"; };
		D048E3642A59466000308D47 /* Presentation.swift */ = {isa = PBXFileReference; lastKnownFileType = sourcecode.swift; path = Presentation.swift; sourceTree = "<group>"; };
		D048E3662A59467000308D47 /* Wireframe.swift */ = {isa = PBXFileReference; lastKnownFileType = sourcecode.swift; path = Wireframe.swift; sourceTree = "<group>"; };
		D048E3682A59469000308D47 /* UIView+Layout.swift */ = {isa = PBXFileReference; lastKnownFileType = sourcecode.swift; path = "UIView+Layout.swift"; sourceTree = "<group>"; };
		D048E36A2A5946B300308D47 /* UIViewController+Layout.swift */ = {isa = PBXFileReference; lastKnownFileType = sourcecode.swift; path = "UIViewController+Layout.swift"; sourceTree = "<group>"; };
		D048E36C2A5946D600308D47 /* Publisher+Extension.swift */ = {isa = PBXFileReference; lastKnownFileType = sourcecode.swift; path = "Publisher+Extension.swift"; sourceTree = "<group>"; };
		D048E36E2A5946F500308D47 /* UICollectionView+Extension.swift */ = {isa = PBXFileReference; lastKnownFileType = sourcecode.swift; path = "UICollectionView+Extension.swift"; sourceTree = "<group>"; };
		D048E3702A59471A00308D47 /* UIImageView+Extension.swift */ = {isa = PBXFileReference; lastKnownFileType = sourcecode.swift; path = "UIImageView+Extension.swift"; sourceTree = "<group>"; };
		D048E3722A59489000308D47 /* AppColor.swift */ = {isa = PBXFileReference; lastKnownFileType = sourcecode.swift; path = AppColor.swift; sourceTree = "<group>"; };
		D048E3742A594AC900308D47 /* DiscoverViewController+Layout.swift */ = {isa = PBXFileReference; lastKnownFileType = sourcecode.swift; path = "DiscoverViewController+Layout.swift"; sourceTree = "<group>"; };
		D048E3762A594B5000308D47 /* MovieDetailViewController.swift */ = {isa = PBXFileReference; lastKnownFileType = sourcecode.swift; path = MovieDetailViewController.swift; sourceTree = "<group>"; };
		D048E3782A594B6C00308D47 /* MovieDetailRouter.swift */ = {isa = PBXFileReference; lastKnownFileType = sourcecode.swift; path = MovieDetailRouter.swift; sourceTree = "<group>"; };
		D048E37B2A594B8100308D47 /* MovieDetailPresenter.swift */ = {isa = PBXFileReference; lastKnownFileType = sourcecode.swift; path = MovieDetailPresenter.swift; sourceTree = "<group>"; };
		D048E37D2A594BF200308D47 /* MovieDetailViewController+Layout.swift */ = {isa = PBXFileReference; lastKnownFileType = sourcecode.swift; path = "MovieDetailViewController+Layout.swift"; sourceTree = "<group>"; };
		D048E3802A594C5700308D47 /* HomeViewController.swift */ = {isa = PBXFileReference; lastKnownFileType = sourcecode.swift; path = HomeViewController.swift; sourceTree = "<group>"; };
		D048E3822A594C6800308D47 /* HomeRouter.swift */ = {isa = PBXFileReference; lastKnownFileType = sourcecode.swift; path = HomeRouter.swift; sourceTree = "<group>"; };
		D048E3842A594C7E00308D47 /* HomePresenter.swift */ = {isa = PBXFileReference; lastKnownFileType = sourcecode.swift; path = HomePresenter.swift; sourceTree = "<group>"; };
		D048E3862A594D1100308D47 /* HomeViewController+Layout.swift */ = {isa = PBXFileReference; lastKnownFileType = sourcecode.swift; path = "HomeViewController+Layout.swift"; sourceTree = "<group>"; };
		D048E3882A59564F00308D47 /* AppLabel.swift */ = {isa = PBXFileReference; lastKnownFileType = sourcecode.swift; path = AppLabel.swift; sourceTree = "<group>"; };
		D048E38A2A59566100308D47 /* AppTheme.swift */ = {isa = PBXFileReference; lastKnownFileType = sourcecode.swift; path = AppTheme.swift; sourceTree = "<group>"; };
		D048E38C2A59576400308D47 /* AppButton.swift */ = {isa = PBXFileReference; lastKnownFileType = sourcecode.swift; path = AppButton.swift; sourceTree = "<group>"; };
		D048E38E2A59578E00308D47 /* UIColor+Extension.swift */ = {isa = PBXFileReference; lastKnownFileType = sourcecode.swift; path = "UIColor+Extension.swift"; sourceTree = "<group>"; };
		D048E3902A5957EC00308D47 /* AppImageView.swift */ = {isa = PBXFileReference; lastKnownFileType = sourcecode.swift; path = AppImageView.swift; sourceTree = "<group>"; };
		D048E3942A5958A600308D47 /* AppCollectionViewCell.swift */ = {isa = PBXFileReference; lastKnownFileType = sourcecode.swift; path = AppCollectionViewCell.swift; sourceTree = "<group>"; };
		D048E3962A5973C700308D47 /* GetMovieDetailsRequestModel.swift */ = {isa = PBXFileReference; lastKnownFileType = sourcecode.swift; path = GetMovieDetailsRequestModel.swift; sourceTree = "<group>"; };
		D048E3982A5975CA00308D47 /* MovieRepository.swift */ = {isa = PBXFileReference; lastKnownFileType = sourcecode.swift; path = MovieRepository.swift; sourceTree = "<group>"; };
		D048E39A2A59766700308D47 /* MovieDetailDomain.swift */ = {isa = PBXFileReference; lastKnownFileType = sourcecode.swift; path = MovieDetailDomain.swift; sourceTree = "<group>"; };
		D048E39C2A59798D00308D47 /* MovieRemoteDataSource.swift */ = {isa = PBXFileReference; lastKnownFileType = sourcecode.swift; path = MovieRemoteDataSource.swift; sourceTree = "<group>"; };
		D048E39F2A5983BD00308D47 /* AppView.swift */ = {isa = PBXFileReference; lastKnownFileType = sourcecode.swift; path = AppView.swift; sourceTree = "<group>"; };
		D048E3A12A59858D00308D47 /* GetMovieDetailInteractor.swift */ = {isa = PBXFileReference; lastKnownFileType = sourcecode.swift; path = GetMovieDetailInteractor.swift; sourceTree = "<group>"; };
		D048E3A32A59860200308D47 /* Usecase.swift */ = {isa = PBXFileReference; lastKnownFileType = sourcecode.swift; path = Usecase.swift; sourceTree = "<group>"; };
		D048E3A62A59866900308D47 /* RepositoryInjection.swift */ = {isa = PBXFileReference; lastKnownFileType = sourcecode.swift; path = RepositoryInjection.swift; sourceTree = "<group>"; };
		D048E3A82A598B3900308D47 /* Video.swift */ = {isa = PBXFileReference; lastKnownFileType = sourcecode.swift; path = Video.swift; sourceTree = "<group>"; };
		D048E3AA2A598C1F00308D47 /* GetMovieVideosRequestModel.swift */ = {isa = PBXFileReference; lastKnownFileType = sourcecode.swift; path = GetMovieVideosRequestModel.swift; sourceTree = "<group>"; };
		D048E3AC2A598D9800308D47 /* MovieDomain.swift */ = {isa = PBXFileReference; lastKnownFileType = sourcecode.swift; path = MovieDomain.swift; sourceTree = "<group>"; };
		D048E3AE2A598FCC00308D47 /* GetMovieVideosInteractor.swift */ = {isa = PBXFileReference; lastKnownFileType = sourcecode.swift; path = GetMovieVideosInteractor.swift; sourceTree = "<group>"; };
		D048E3B02A59984000308D47 /* Int+Extension.swift */ = {isa = PBXFileReference; lastKnownFileType = sourcecode.swift; path = "Int+Extension.swift"; sourceTree = "<group>"; };
		D048E3B22A59A45C00308D47 /* Review.swift */ = {isa = PBXFileReference; lastKnownFileType = sourcecode.swift; path = Review.swift; sourceTree = "<group>"; };
		D048E3B42A59A4CD00308D47 /* GetMovieReviewsRequestModel.swift */ = {isa = PBXFileReference; lastKnownFileType = sourcecode.swift; path = GetMovieReviewsRequestModel.swift; sourceTree = "<group>"; };
		D048E3B62A59A52E00308D47 /* ReviewDomain.swift */ = {isa = PBXFileReference; lastKnownFileType = sourcecode.swift; path = ReviewDomain.swift; sourceTree = "<group>"; };
		D048E3B82A59AD1B00308D47 /* MovieViewCell.swift */ = {isa = PBXFileReference; lastKnownFileType = sourcecode.swift; path = MovieViewCell.swift; sourceTree = "<group>"; };
		D048E3BA2A59AD8400308D47 /* NiblessCollectionViewCell.swift */ = {isa = PBXFileReference; lastKnownFileType = sourcecode.swift; path = NiblessCollectionViewCell.swift; sourceTree = "<group>"; };
		D048E3BC2A59B15800308D47 /* ImageResourceHelper.swift */ = {isa = PBXFileReference; lastKnownFileType = sourcecode.swift; path = ImageResourceHelper.swift; sourceTree = "<group>"; };
		D048E3BE2A59B40600308D47 /* HomeViewController+CollectionDelegate.swift */ = {isa = PBXFileReference; lastKnownFileType = sourcecode.swift; path = "HomeViewController+CollectionDelegate.swift"; sourceTree = "<group>"; };
		D048E3C02A59B42900308D47 /* HomeViewController+CollectionDataSource.swift */ = {isa = PBXFileReference; lastKnownFileType = sourcecode.swift; path = "HomeViewController+CollectionDataSource.swift"; sourceTree = "<group>"; };
		D048E3C32A59B4B100308D47 /* HomeSection.swift */ = {isa = PBXFileReference; lastKnownFileType = sourcecode.swift; path = HomeSection.swift; sourceTree = "<group>"; };
		D048E3C52A59B90600308D47 /* GenreViewCell.swift */ = {isa = PBXFileReference; lastKnownFileType = sourcecode.swift; path = GenreViewCell.swift; sourceTree = "<group>"; };
		D048E3C72A59BDEE00308D47 /* UIScreen+Extension.swift */ = {isa = PBXFileReference; lastKnownFileType = sourcecode.swift; path = "UIScreen+Extension.swift"; sourceTree = "<group>"; };
		D048E3CB2A59BFEA00308D47 /* SectionHeaderReusableView.swift */ = {isa = PBXFileReference; lastKnownFileType = sourcecode.swift; path = SectionHeaderReusableView.swift; sourceTree = "<group>"; };
		D048E3CD2A59C01800308D47 /* NiblessReusableView.swift */ = {isa = PBXFileReference; lastKnownFileType = sourcecode.swift; path = NiblessReusableView.swift; sourceTree = "<group>"; };
		D048E3CF2A59C2F700308D47 /* GetGenresInteractor.swift */ = {isa = PBXFileReference; lastKnownFileType = sourcecode.swift; path = GetGenresInteractor.swift; sourceTree = "<group>"; };
		D048E3D32A59CA2100308D47 /* GetMoviesPopularRequestModel.swift */ = {isa = PBXFileReference; lastKnownFileType = sourcecode.swift; path = GetMoviesPopularRequestModel.swift; sourceTree = "<group>"; };
		D048E3D52A59CA6B00308D47 /* GetMoviesUpcomingRequestModel.swift */ = {isa = PBXFileReference; lastKnownFileType = sourcecode.swift; path = GetMoviesUpcomingRequestModel.swift; sourceTree = "<group>"; };
		D048E3D72A59CA8900308D47 /* GetMoviesTopRatedRequestModel.swift */ = {isa = PBXFileReference; lastKnownFileType = sourcecode.swift; path = GetMoviesTopRatedRequestModel.swift; sourceTree = "<group>"; };
		D048E3D92A59CAB100308D47 /* GetMoviesNowPlayingRequestModel.swift */ = {isa = PBXFileReference; lastKnownFileType = sourcecode.swift; path = GetMoviesNowPlayingRequestModel.swift; sourceTree = "<group>"; };
		D048E3DB2A59D7AA00308D47 /* GetPopularMoviesInteractor.swift */ = {isa = PBXFileReference; lastKnownFileType = sourcecode.swift; path = GetPopularMoviesInteractor.swift; sourceTree = "<group>"; };
		D048E3DD2A59D7BE00308D47 /* GetNowPlayingInteractor.swift */ = {isa = PBXFileReference; lastKnownFileType = sourcecode.swift; path = GetNowPlayingInteractor.swift; sourceTree = "<group>"; };
		D048E3DF2A59D7D700308D47 /* GetTopRatedMoviesInteractor.swift */ = {isa = PBXFileReference; lastKnownFileType = sourcecode.swift; path = GetTopRatedMoviesInteractor.swift; sourceTree = "<group>"; };
		D048E3E12A59D7FD00308D47 /* GetUpcomingMoviesInteractor.swift */ = {isa = PBXFileReference; lastKnownFileType = sourcecode.swift; path = GetUpcomingMoviesInteractor.swift; sourceTree = "<group>"; };
		D048E3E42A5A582100308D47 /* DiscoverViewController+CollectionDelegate.swift */ = {isa = PBXFileReference; lastKnownFileType = sourcecode.swift; path = "DiscoverViewController+CollectionDelegate.swift"; sourceTree = "<group>"; };
		D048E3E62A5A583300308D47 /* DiscoverViewController+CollevtionDataSource.swift */ = {isa = PBXFileReference; lastKnownFileType = sourcecode.swift; path = "DiscoverViewController+CollevtionDataSource.swift"; sourceTree = "<group>"; };
		D048E3E82A5A597E00308D47 /* GetMoviesInteractor.swift */ = {isa = PBXFileReference; lastKnownFileType = sourcecode.swift; path = GetMoviesInteractor.swift; sourceTree = "<group>"; };
		D048E3EA2A5A6F2100308D47 /* String+Extension.swift */ = {isa = PBXFileReference; lastKnownFileType = sourcecode.swift; path = "String+Extension.swift"; sourceTree = "<group>"; };
		D048E3ED2A5A762200308D47 /* GetMovieReviewsInteractor.swift */ = {isa = PBXFileReference; lastKnownFileType = sourcecode.swift; path = GetMovieReviewsInteractor.swift; sourceTree = "<group>"; };
		D048E3EF2A5A7DDA00308D47 /* ActionButtonSectionView.swift */ = {isa = PBXFileReference; lastKnownFileType = sourcecode.swift; path = ActionButtonSectionView.swift; sourceTree = "<group>"; };
		D048E3F32A5A7F4C00308D47 /* ReviewsViewController.swift */ = {isa = PBXFileReference; lastKnownFileType = sourcecode.swift; path = ReviewsViewController.swift; sourceTree = "<group>"; };
		D048E3F52A5A7F5800308D47 /* ReviewsRouter.swift */ = {isa = PBXFileReference; lastKnownFileType = sourcecode.swift; path = ReviewsRouter.swift; sourceTree = "<group>"; };
		D048E3F72A5A7F6300308D47 /* ReviewsPresenter.swift */ = {isa = PBXFileReference; lastKnownFileType = sourcecode.swift; path = ReviewsPresenter.swift; sourceTree = "<group>"; };
		D048E3F92A5A808E00308D47 /* ReviewsViewController+Layout.swift */ = {isa = PBXFileReference; lastKnownFileType = sourcecode.swift; path = "ReviewsViewController+Layout.swift"; sourceTree = "<group>"; };
		D048E3FB2A5A80C800308D47 /* ReviewViewCell.swift */ = {isa = PBXFileReference; lastKnownFileType = sourcecode.swift; path = ReviewViewCell.swift; sourceTree = "<group>"; };
		D048E3FD2A5A85C400308D47 /* ReviewsViewController+CollectionDelegate.swift */ = {isa = PBXFileReference; lastKnownFileType = sourcecode.swift; path = "ReviewsViewController+CollectionDelegate.swift"; sourceTree = "<group>"; };
		D048E3FF2A5A85DD00308D47 /* ReviewsViewController+CollectionDataSource.swift */ = {isa = PBXFileReference; lastKnownFileType = sourcecode.swift; path = "ReviewsViewController+CollectionDataSource.swift"; sourceTree = "<group>"; };
		D048E4012A5A88F100308D47 /* IconButton.swift */ = {isa = PBXFileReference; lastKnownFileType = sourcecode.swift; path = IconButton.swift; sourceTree = "<group>"; };
		D048E4032A5A9E5500308D47 /* UIView+Extension.swift */ = {isa = PBXFileReference; lastKnownFileType = sourcecode.swift; path = "UIView+Extension.swift"; sourceTree = "<group>"; };
		D048E4052A5AA2D800308D47 /* MovieInformationSectionView.swift */ = {isa = PBXFileReference; lastKnownFileType = sourcecode.swift; path = MovieInformationSectionView.swift; sourceTree = "<group>"; };
/* End PBXFileReference section */

/* Begin PBXFrameworksBuildPhase section */
		D03FF2302A5856F200F27A39 /* Frameworks */ = {
			isa = PBXFrameworksBuildPhase;
			buildActionMask = 2147483647;
			files = (
				AC0D21E39C7027F4ECECF883 /* Pods_ndelook.framework in Frameworks */,
			);
			runOnlyForDeploymentPostprocessing = 0;
		};
/* End PBXFrameworksBuildPhase section */

/* Begin PBXGroup section */
		35E5ABEBB387E33CF7122B74 /* Frameworks */ = {
			isa = PBXGroup;
			children = (
				93740D76E3B363BD0BB61C3A /* Pods_ndelook.framework */,
			);
			name = Frameworks;
			sourceTree = "<group>";
		};
		D03FF22A2A5856F200F27A39 = {
			isa = PBXGroup;
			children = (
				D03FF2352A5856F200F27A39 /* ndelook */,
				D03FF2342A5856F200F27A39 /* Products */,
				E5519E83D2FF6B1B14953C9F /* Pods */,
				35E5ABEBB387E33CF7122B74 /* Frameworks */,
			);
			sourceTree = "<group>";
		};
		D03FF2342A5856F200F27A39 /* Products */ = {
			isa = PBXGroup;
			children = (
				D03FF2332A5856F200F27A39 /* ndelook.app */,
			);
			name = Products;
			sourceTree = "<group>";
		};
		D03FF2352A5856F200F27A39 /* ndelook */ = {
			isa = PBXGroup;
			children = (
				D048E3A52A59865900308D47 /* DI */,
				D048E3432A59230000308D47 /* Utils */,
				D048E3302A5910E300308D47 /* Domain */,
				D048E32D2A5910C400308D47 /* Common */,
				D048E32C2A5910B300308D47 /* Data */,
				D048E32A2A59109200308D47 /* Core */,
				D048E32B2A59109900308D47 /* Modules */,
				D03FF2362A5856F200F27A39 /* AppDelegate.swift */,
				D03FF2382A5856F200F27A39 /* SceneDelegate.swift */,
				D03FF23F2A5856F300F27A39 /* Assets.xcassets */,
				D03FF2412A5856F300F27A39 /* LaunchScreen.storyboard */,
				D03FF2442A5856F300F27A39 /* Info.plist */,
				D048E3412A5921C100308D47 /* NetworkConstant.plist */,
			);
			path = ndelook;
			sourceTree = "<group>";
		};
		D048E3272A590D8800308D47 /* Home */ = {
			isa = PBXGroup;
			children = (
				D048E3E32A59D80100308D47 /* Interactor */,
				D048E3C22A59B49500308D47 /* Entity */,
				D048E37F2A594C4500308D47 /* View */,
				D048E3822A594C6800308D47 /* HomeRouter.swift */,
				D048E3842A594C7E00308D47 /* HomePresenter.swift */,
			);
			path = Home;
			sourceTree = "<group>";
		};
		D048E3282A590FDD00308D47 /* Discover */ = {
			isa = PBXGroup;
			children = (
				D048E35F2A5945FA00308D47 /* View */,
				D048E3592A59448700308D47 /* DiscoverRouter.swift */,
				D048E35B2A59449100308D47 /* DiscoverPresenter.swift */,
				D048E3E82A5A597E00308D47 /* GetMoviesInteractor.swift */,
			);
			path = Discover;
			sourceTree = "<group>";
		};
		D048E3292A59105600308D47 /* MovieDetail */ = {
			isa = PBXGroup;
			children = (
				D048E3EC2A5A760900308D47 /* Interactor */,
				D048E37A2A594B7000308D47 /* View */,
				D048E3782A594B6C00308D47 /* MovieDetailRouter.swift */,
				D048E37B2A594B8100308D47 /* MovieDetailPresenter.swift */,
			);
			path = MovieDetail;
			sourceTree = "<group>";
		};
		D048E32A2A59109200308D47 /* Core */ = {
			isa = PBXGroup;
			children = (
				D048E3532A5940F200308D47 /* DomainModel.swift */,
				D048E3602A59462900308D47 /* NiblessView.swift */,
				D048E3622A59464000308D47 /* NiblessViewController.swift */,
				D048E3642A59466000308D47 /* Presentation.swift */,
				D048E3662A59467000308D47 /* Wireframe.swift */,
				D048E3A32A59860200308D47 /* Usecase.swift */,
				D048E3BA2A59AD8400308D47 /* NiblessCollectionViewCell.swift */,
				D048E3CD2A59C01800308D47 /* NiblessReusableView.swift */,
			);
			path = Core;
			sourceTree = "<group>";
		};
		D048E32B2A59109900308D47 /* Modules */ = {
			isa = PBXGroup;
			children = (
				D048E3F12A5A7F0100308D47 /* Review */,
				D048E39E2A597C0A00308D47 /* Shared */,
				D048E3292A59105600308D47 /* MovieDetail */,
				D048E3282A590FDD00308D47 /* Discover */,
				D048E3272A590D8800308D47 /* Home */,
			);
			path = Modules;
			sourceTree = "<group>";
		};
		D048E32C2A5910B300308D47 /* Data */ = {
			isa = PBXGroup;
			children = (
				D048E34E2A593FC100308D47 /* Repository */,
				D048E33E2A591BF300308D47 /* Remote */,
				D048E3332A59114100308D47 /* Response */,
				D048E3312A59111600308D47 /* APIServiceManager.swift */,
				D048E3362A59119D00308D47 /* RequestModel.swift */,
			);
			path = Data;
			sourceTree = "<group>";
		};
		D048E32D2A5910C400308D47 /* Common */ = {
			isa = PBXGroup;
			children = (
				D048E32F2A5910D200308D47 /* Theme */,
				D048E32E2A5910CB00308D47 /* Extension */,
			);
			path = Common;
			sourceTree = "<group>";
		};
		D048E32E2A5910CB00308D47 /* Extension */ = {
			isa = PBXGroup;
			children = (
				D048E3682A59469000308D47 /* UIView+Layout.swift */,
				D048E36A2A5946B300308D47 /* UIViewController+Layout.swift */,
				D048E36C2A5946D600308D47 /* Publisher+Extension.swift */,
				D048E36E2A5946F500308D47 /* UICollectionView+Extension.swift */,
				D048E3702A59471A00308D47 /* UIImageView+Extension.swift */,
				D048E38E2A59578E00308D47 /* UIColor+Extension.swift */,
				D048E3B02A59984000308D47 /* Int+Extension.swift */,
				D048E3C72A59BDEE00308D47 /* UIScreen+Extension.swift */,
				D048E3EA2A5A6F2100308D47 /* String+Extension.swift */,
				D048E4032A5A9E5500308D47 /* UIView+Extension.swift */,
			);
			path = Extension;
			sourceTree = "<group>";
		};
		D048E32F2A5910D200308D47 /* Theme */ = {
			isa = PBXGroup;
			children = (
				D048E3722A59489000308D47 /* AppColor.swift */,
				D048E3882A59564F00308D47 /* AppLabel.swift */,
				D048E38A2A59566100308D47 /* AppTheme.swift */,
				D048E38C2A59576400308D47 /* AppButton.swift */,
				D048E3902A5957EC00308D47 /* AppImageView.swift */,
				D048E3942A5958A600308D47 /* AppCollectionViewCell.swift */,
				D048E39F2A5983BD00308D47 /* AppView.swift */,
			);
			path = Theme;
			sourceTree = "<group>";
		};
		D048E3302A5910E300308D47 /* Domain */ = {
			isa = PBXGroup;
			children = (
				D048E3512A59401800308D47 /* DiscoverMovieDomain.swift */,
				D048E3552A59410F00308D47 /* BaseDomain.swift */,
				D048E3572A59414D00308D47 /* GenreDomain.swift */,
				D048E39A2A59766700308D47 /* MovieDetailDomain.swift */,
				D048E3AC2A598D9800308D47 /* MovieDomain.swift */,
				D048E3B62A59A52E00308D47 /* ReviewDomain.swift */,
			);
			path = Domain;
			sourceTree = "<group>";
		};
		D048E3332A59114100308D47 /* Response */ = {
			isa = PBXGroup;
			children = (
				D048E3342A59115700308D47 /* Error.swift */,
				D048E3382A5916D800308D47 /* BaseResponse.swift */,
				D048E33A2A5917B300308D47 /* Genre.swift */,
				D048E33C2A59184F00308D47 /* Movie.swift */,
				D048E3A82A598B3900308D47 /* Video.swift */,
				D048E3B22A59A45C00308D47 /* Review.swift */,
			);
			path = Response;
			sourceTree = "<group>";
		};
		D048E33E2A591BF300308D47 /* Remote */ = {
			isa = PBXGroup;
			children = (
				D048E3D22A59C51300308D47 /* Discover */,
				D048E3D12A59C4F200308D47 /* Movie */,
				D048E33F2A591C1900308D47 /* RemoteDataSource.swift */,
			);
			path = Remote;
			sourceTree = "<group>";
		};
		D048E3432A59230000308D47 /* Utils */ = {
			isa = PBXGroup;
			children = (
				D048E3442A59231000308D47 /* NetworkConstant.swift */,
				D048E3462A5923E400308D47 /* PlistHelper.swift */,
				D048E3BC2A59B15800308D47 /* ImageResourceHelper.swift */,
			);
			path = Utils;
			sourceTree = "<group>";
		};
		D048E34E2A593FC100308D47 /* Repository */ = {
			isa = PBXGroup;
			children = (
				D048E34F2A593FDA00308D47 /* DiscoverRepository.swift */,
				D048E3982A5975CA00308D47 /* MovieRepository.swift */,
			);
			path = Repository;
			sourceTree = "<group>";
		};
		D048E35F2A5945FA00308D47 /* View */ = {
			isa = PBXGroup;
			children = (
				D048E35D2A5944B200308D47 /* DiscoverViewController.swift */,
				D048E3742A594AC900308D47 /* DiscoverViewController+Layout.swift */,
				D048E3E42A5A582100308D47 /* DiscoverViewController+CollectionDelegate.swift */,
				D048E3E62A5A583300308D47 /* DiscoverViewController+CollevtionDataSource.swift */,
			);
			path = View;
			sourceTree = "<group>";
		};
		D048E37A2A594B7000308D47 /* View */ = {
			isa = PBXGroup;
			children = (
				D048E3762A594B5000308D47 /* MovieDetailViewController.swift */,
				D048E37D2A594BF200308D47 /* MovieDetailViewController+Layout.swift */,
				D048E3EF2A5A7DDA00308D47 /* ActionButtonSectionView.swift */,
				D048E4012A5A88F100308D47 /* IconButton.swift */,
				D048E4052A5AA2D800308D47 /* MovieInformationSectionView.swift */,
			);
			path = View;
			sourceTree = "<group>";
		};
		D048E37F2A594C4500308D47 /* View */ = {
			isa = PBXGroup;
			children = (
				D048E3B82A59AD1B00308D47 /* MovieViewCell.swift */,
				D048E3802A594C5700308D47 /* HomeViewController.swift */,
				D048E3862A594D1100308D47 /* HomeViewController+Layout.swift */,
				D048E3BE2A59B40600308D47 /* HomeViewController+CollectionDelegate.swift */,
				D048E3C02A59B42900308D47 /* HomeViewController+CollectionDataSource.swift */,
				D048E3C52A59B90600308D47 /* GenreViewCell.swift */,
				D048E3CB2A59BFEA00308D47 /* SectionHeaderReusableView.swift */,
			);
			path = View;
			sourceTree = "<group>";
		};
		D048E39E2A597C0A00308D47 /* Shared */ = {
			isa = PBXGroup;
			children = (
			);
			path = Shared;
			sourceTree = "<group>";
		};
		D048E3A52A59865900308D47 /* DI */ = {
			isa = PBXGroup;
			children = (
				D048E3A62A59866900308D47 /* RepositoryInjection.swift */,
			);
			path = DI;
			sourceTree = "<group>";
		};
		D048E3C22A59B49500308D47 /* Entity */ = {
			isa = PBXGroup;
			children = (
				D048E3C32A59B4B100308D47 /* HomeSection.swift */,
			);
			path = Entity;
			sourceTree = "<group>";
		};
		D048E3D12A59C4F200308D47 /* Movie */ = {
			isa = PBXGroup;
			children = (
				D048E39C2A59798D00308D47 /* MovieRemoteDataSource.swift */,
				D048E34A2A593D0800308D47 /* GetGenresRequestModel.swift */,
				D048E3962A5973C700308D47 /* GetMovieDetailsRequestModel.swift */,
				D048E3AA2A598C1F00308D47 /* GetMovieVideosRequestModel.swift */,
				D048E3B42A59A4CD00308D47 /* GetMovieReviewsRequestModel.swift */,
				D048E3D32A59CA2100308D47 /* GetMoviesPopularRequestModel.swift */,
				D048E3D52A59CA6B00308D47 /* GetMoviesUpcomingRequestModel.swift */,
				D048E3D72A59CA8900308D47 /* GetMoviesTopRatedRequestModel.swift */,
				D048E3D92A59CAB100308D47 /* GetMoviesNowPlayingRequestModel.swift */,
			);
			path = Movie;
			sourceTree = "<group>";
		};
		D048E3D22A59C51300308D47 /* Discover */ = {
			isa = PBXGroup;
			children = (
				D048E3482A59250600308D47 /* GetDiscoverMoviesRequestModel.swift */,
				D048E34C2A593F4600308D47 /* DiscoverRemoteDataSource.swift */,
			);
			path = Discover;
			sourceTree = "<group>";
		};
		D048E3E32A59D80100308D47 /* Interactor */ = {
			isa = PBXGroup;
			children = (
				D048E3CF2A59C2F700308D47 /* GetGenresInteractor.swift */,
				D048E3DB2A59D7AA00308D47 /* GetPopularMoviesInteractor.swift */,
				D048E3DD2A59D7BE00308D47 /* GetNowPlayingInteractor.swift */,
				D048E3DF2A59D7D700308D47 /* GetTopRatedMoviesInteractor.swift */,
				D048E3E12A59D7FD00308D47 /* GetUpcomingMoviesInteractor.swift */,
			);
			path = Interactor;
			sourceTree = "<group>";
		};
		D048E3EC2A5A760900308D47 /* Interactor */ = {
			isa = PBXGroup;
			children = (
				D048E3A12A59858D00308D47 /* GetMovieDetailInteractor.swift */,
				D048E3AE2A598FCC00308D47 /* GetMovieVideosInteractor.swift */,
				D048E3ED2A5A762200308D47 /* GetMovieReviewsInteractor.swift */,
			);
			path = Interactor;
			sourceTree = "<group>";
		};
		D048E3F12A5A7F0100308D47 /* Review */ = {
			isa = PBXGroup;
			children = (
				D048E3F22A5A7F3000308D47 /* View */,
				D048E3F52A5A7F5800308D47 /* ReviewsRouter.swift */,
				D048E3F72A5A7F6300308D47 /* ReviewsPresenter.swift */,
			);
			path = Review;
			sourceTree = "<group>";
		};
		D048E3F22A5A7F3000308D47 /* View */ = {
			isa = PBXGroup;
			children = (
				D048E3F32A5A7F4C00308D47 /* ReviewsViewController.swift */,
				D048E3F92A5A808E00308D47 /* ReviewsViewController+Layout.swift */,
				D048E3FB2A5A80C800308D47 /* ReviewViewCell.swift */,
				D048E3FD2A5A85C400308D47 /* ReviewsViewController+CollectionDelegate.swift */,
				D048E3FF2A5A85DD00308D47 /* ReviewsViewController+CollectionDataSource.swift */,
			);
			path = View;
			sourceTree = "<group>";
		};
		E5519E83D2FF6B1B14953C9F /* Pods */ = {
			isa = PBXGroup;
			children = (
				2C09C6262A14C8A02C24311E /* Pods-ndelook.debug.xcconfig */,
				167F3A51727AE602129DF068 /* Pods-ndelook.release.xcconfig */,
			);
			path = Pods;
			sourceTree = "<group>";
		};
/* End PBXGroup section */

/* Begin PBXNativeTarget section */
		D03FF2322A5856F200F27A39 /* ndelook */ = {
			isa = PBXNativeTarget;
			buildConfigurationList = D03FF25D2A5856F400F27A39 /* Build configuration list for PBXNativeTarget "ndelook" */;
			buildPhases = (
				D3AA65C1D5830501F5855946 /* [CP] Check Pods Manifest.lock */,
				D03FF22F2A5856F200F27A39 /* Sources */,
				D03FF2302A5856F200F27A39 /* Frameworks */,
				D03FF2312A5856F200F27A39 /* Resources */,
				7E8CD1A9EC1D48B515D48EEF /* [CP] Embed Pods Frameworks */,
			);
			buildRules = (
			);
			dependencies = (
			);
			name = ndelook;
			productName = ndelook;
			productReference = D03FF2332A5856F200F27A39 /* ndelook.app */;
			productType = "com.apple.product-type.application";
		};
/* End PBXNativeTarget section */

/* Begin PBXProject section */
		D03FF22B2A5856F200F27A39 /* Project object */ = {
			isa = PBXProject;
			attributes = {
				BuildIndependentTargetsInParallel = 1;
				LastSwiftUpdateCheck = 1430;
				LastUpgradeCheck = 1430;
				TargetAttributes = {
					D03FF2322A5856F200F27A39 = {
						CreatedOnToolsVersion = 14.3.1;
					};
				};
			};
			buildConfigurationList = D03FF22E2A5856F200F27A39 /* Build configuration list for PBXProject "ndelook" */;
			compatibilityVersion = "Xcode 14.0";
			developmentRegion = en;
			hasScannedForEncodings = 0;
			knownRegions = (
				en,
				Base,
			);
			mainGroup = D03FF22A2A5856F200F27A39;
			productRefGroup = D03FF2342A5856F200F27A39 /* Products */;
			projectDirPath = "";
			projectRoot = "";
			targets = (
				D03FF2322A5856F200F27A39 /* ndelook */,
			);
		};
/* End PBXProject section */

/* Begin PBXResourcesBuildPhase section */
		D03FF2312A5856F200F27A39 /* Resources */ = {
			isa = PBXResourcesBuildPhase;
			buildActionMask = 2147483647;
			files = (
				D03FF2432A5856F300F27A39 /* LaunchScreen.storyboard in Resources */,
				D048E3422A5921C100308D47 /* NetworkConstant.plist in Resources */,
				D03FF2402A5856F300F27A39 /* Assets.xcassets in Resources */,
			);
			runOnlyForDeploymentPostprocessing = 0;
		};
/* End PBXResourcesBuildPhase section */

/* Begin PBXShellScriptBuildPhase section */
		7E8CD1A9EC1D48B515D48EEF /* [CP] Embed Pods Frameworks */ = {
			isa = PBXShellScriptBuildPhase;
			buildActionMask = 2147483647;
			files = (
			);
			inputFileListPaths = (
				"${PODS_ROOT}/Target Support Files/Pods-ndelook/Pods-ndelook-frameworks-${CONFIGURATION}-input-files.xcfilelist",
			);
			name = "[CP] Embed Pods Frameworks";
			outputFileListPaths = (
				"${PODS_ROOT}/Target Support Files/Pods-ndelook/Pods-ndelook-frameworks-${CONFIGURATION}-output-files.xcfilelist",
			);
			runOnlyForDeploymentPostprocessing = 0;
			shellPath = /bin/sh;
			shellScript = "\"${PODS_ROOT}/Target Support Files/Pods-ndelook/Pods-ndelook-frameworks.sh\"\n";
			showEnvVarsInLog = 0;
		};
		D3AA65C1D5830501F5855946 /* [CP] Check Pods Manifest.lock */ = {
			isa = PBXShellScriptBuildPhase;
			buildActionMask = 2147483647;
			files = (
			);
			inputFileListPaths = (
			);
			inputPaths = (
				"${PODS_PODFILE_DIR_PATH}/Podfile.lock",
				"${PODS_ROOT}/Manifest.lock",
			);
			name = "[CP] Check Pods Manifest.lock";
			outputFileListPaths = (
			);
			outputPaths = (
				"$(DERIVED_FILE_DIR)/Pods-ndelook-checkManifestLockResult.txt",
			);
			runOnlyForDeploymentPostprocessing = 0;
			shellPath = /bin/sh;
			shellScript = "diff \"${PODS_PODFILE_DIR_PATH}/Podfile.lock\" \"${PODS_ROOT}/Manifest.lock\" > /dev/null\nif [ $? != 0 ] ; then\n    # print error to STDERR\n    echo \"error: The sandbox is not in sync with the Podfile.lock. Run 'pod install' or update your CocoaPods installation.\" >&2\n    exit 1\nfi\n# This output is used by Xcode 'outputs' to avoid re-running this script phase.\necho \"SUCCESS\" > \"${SCRIPT_OUTPUT_FILE_0}\"\n";
			showEnvVarsInLog = 0;
		};
/* End PBXShellScriptBuildPhase section */

/* Begin PBXSourcesBuildPhase section */
		D03FF22F2A5856F200F27A39 /* Sources */ = {
			isa = PBXSourcesBuildPhase;
			buildActionMask = 2147483647;
			files = (
				D048E3A02A5983BD00308D47 /* AppView.swift in Sources */,
				D048E3352A59115700308D47 /* Error.swift in Sources */,
				D048E3502A593FDA00308D47 /* DiscoverRepository.swift in Sources */,
				D048E3D02A59C2F700308D47 /* GetGenresInteractor.swift in Sources */,
				D048E3F62A5A7F5800308D47 /* ReviewsRouter.swift in Sources */,
				D048E3652A59466000308D47 /* Presentation.swift in Sources */,
				D048E3DC2A59D7AA00308D47 /* GetPopularMoviesInteractor.swift in Sources */,
				D048E36F2A5946F500308D47 /* UICollectionView+Extension.swift in Sources */,
				D048E3A92A598B3900308D47 /* Video.swift in Sources */,
				D048E36D2A5946D600308D47 /* Publisher+Extension.swift in Sources */,
				D048E39D2A59798D00308D47 /* MovieRemoteDataSource.swift in Sources */,
				D048E3E22A59D7FD00308D47 /* GetUpcomingMoviesInteractor.swift in Sources */,
				D048E3E72A5A583300308D47 /* DiscoverViewController+CollevtionDataSource.swift in Sources */,
				D048E3BB2A59AD8400308D47 /* NiblessCollectionViewCell.swift in Sources */,
				D048E4062A5AA2D800308D47 /* MovieInformationSectionView.swift in Sources */,
				D048E3E52A5A582100308D47 /* DiscoverViewController+CollectionDelegate.swift in Sources */,
				D048E35C2A59449100308D47 /* DiscoverPresenter.swift in Sources */,
				D048E3C12A59B42900308D47 /* HomeViewController+CollectionDataSource.swift in Sources */,
				D048E3B92A59AD1B00308D47 /* MovieViewCell.swift in Sources */,
				D048E33D2A59184F00308D47 /* Movie.swift in Sources */,
				D03FF2372A5856F200F27A39 /* AppDelegate.swift in Sources */,
				D048E3C82A59BDEE00308D47 /* UIScreen+Extension.swift in Sources */,
				D048E3522A59401800308D47 /* DiscoverMovieDomain.swift in Sources */,
				D048E37E2A594BF200308D47 /* MovieDetailViewController+Layout.swift in Sources */,
				D048E3D82A59CA8900308D47 /* GetMoviesTopRatedRequestModel.swift in Sources */,
				D048E3892A59564F00308D47 /* AppLabel.swift in Sources */,
				D048E38D2A59576400308D47 /* AppButton.swift in Sources */,
				D048E3812A594C5700308D47 /* HomeViewController.swift in Sources */,
				D048E37C2A594B8100308D47 /* MovieDetailPresenter.swift in Sources */,
				D048E3CE2A59C01800308D47 /* NiblessReusableView.swift in Sources */,
				D048E3472A5923E400308D47 /* PlistHelper.swift in Sources */,
				D048E3B32A59A45C00308D47 /* Review.swift in Sources */,
				D048E3772A594B5100308D47 /* MovieDetailViewController.swift in Sources */,
				D048E3A22A59858D00308D47 /* GetMovieDetailInteractor.swift in Sources */,
				D048E36B2A5946B300308D47 /* UIViewController+Layout.swift in Sources */,
				D048E34D2A593F4600308D47 /* DiscoverRemoteDataSource.swift in Sources */,
				D03FF2392A5856F200F27A39 /* SceneDelegate.swift in Sources */,
				D048E3DA2A59CAB100308D47 /* GetMoviesNowPlayingRequestModel.swift in Sources */,
				D048E3FE2A5A85C400308D47 /* ReviewsViewController+CollectionDelegate.swift in Sources */,
				D048E3F02A5A7DDA00308D47 /* ActionButtonSectionView.swift in Sources */,
				D048E3492A59250600308D47 /* GetDiscoverMoviesRequestModel.swift in Sources */,
				D048E3C62A59B90600308D47 /* GenreViewCell.swift in Sources */,
				D048E3FC2A5A80C800308D47 /* ReviewViewCell.swift in Sources */,
				D048E3AD2A598D9800308D47 /* MovieDomain.swift in Sources */,
				D048E4002A5A85DD00308D47 /* ReviewsViewController+CollectionDataSource.swift in Sources */,
				D048E3A72A59866900308D47 /* RepositoryInjection.swift in Sources */,
				D048E3692A59469000308D47 /* UIView+Layout.swift in Sources */,
				D048E3452A59231000308D47 /* NetworkConstant.swift in Sources */,
				D048E3EB2A5A6F2100308D47 /* String+Extension.swift in Sources */,
				D048E4022A5A88F100308D47 /* IconButton.swift in Sources */,
				D048E3792A594B6C00308D47 /* MovieDetailRouter.swift in Sources */,
				D048E3B72A59A52E00308D47 /* ReviewDomain.swift in Sources */,
				D048E3632A59464000308D47 /* NiblessViewController.swift in Sources */,
				D048E3392A5916D800308D47 /* BaseResponse.swift in Sources */,
				D048E3DE2A59D7BE00308D47 /* GetNowPlayingInteractor.swift in Sources */,
				D048E3752A594AC900308D47 /* DiscoverViewController+Layout.swift in Sources */,
				D048E3402A591C1900308D47 /* RemoteDataSource.swift in Sources */,
				D048E3BF2A59B40600308D47 /* HomeViewController+CollectionDelegate.swift in Sources */,
				D048E3AF2A598FCC00308D47 /* GetMovieVideosInteractor.swift in Sources */,
				D048E3B52A59A4CD00308D47 /* GetMovieReviewsRequestModel.swift in Sources */,
				D048E3C42A59B4B100308D47 /* HomeSection.swift in Sources */,
				D048E3E02A59D7D700308D47 /* GetTopRatedMoviesInteractor.swift in Sources */,
				D048E3732A59489000308D47 /* AppColor.swift in Sources */,
				D048E3582A59414D00308D47 /* GenreDomain.swift in Sources */,
				D048E3CC2A59BFEA00308D47 /* SectionHeaderReusableView.swift in Sources */,
				D048E3D62A59CA6B00308D47 /* GetMoviesUpcomingRequestModel.swift in Sources */,
				D048E3F42A5A7F4C00308D47 /* ReviewsViewController.swift in Sources */,
				D048E3852A594C7E00308D47 /* HomePresenter.swift in Sources */,
				D048E38B2A59566100308D47 /* AppTheme.swift in Sources */,
				D048E3612A59462900308D47 /* NiblessView.swift in Sources */,
				D048E3912A5957EC00308D47 /* AppImageView.swift in Sources */,
				D048E3E92A5A597E00308D47 /* GetMoviesInteractor.swift in Sources */,
				D048E3832A594C6800308D47 /* HomeRouter.swift in Sources */,
				D048E3322A59111600308D47 /* APIServiceManager.swift in Sources */,
				D048E35E2A5944B200308D47 /* DiscoverViewController.swift in Sources */,
				D048E3972A5973C700308D47 /* GetMovieDetailsRequestModel.swift in Sources */,
				D048E39B2A59766700308D47 /* MovieDetailDomain.swift in Sources */,
				D048E3EE2A5A762200308D47 /* GetMovieReviewsInteractor.swift in Sources */,
				D048E3B12A59984000308D47 /* Int+Extension.swift in Sources */,
				D048E3FA2A5A808E00308D47 /* ReviewsViewController+Layout.swift in Sources */,
				D048E3372A59119D00308D47 /* RequestModel.swift in Sources */,
				D048E3562A59410F00308D47 /* BaseDomain.swift in Sources */,
				D048E3992A5975CA00308D47 /* MovieRepository.swift in Sources */,
				D048E3712A59471A00308D47 /* UIImageView+Extension.swift in Sources */,
				D048E34B2A593D0800308D47 /* GetGenresRequestModel.swift in Sources */,
				D048E3D42A59CA2100308D47 /* GetMoviesPopularRequestModel.swift in Sources */,
				D048E38F2A59578E00308D47 /* UIColor+Extension.swift in Sources */,
				D048E3672A59467000308D47 /* Wireframe.swift in Sources */,
				D048E35A2A59448700308D47 /* DiscoverRouter.swift in Sources */,
				D048E3AB2A598C1F00308D47 /* GetMovieVideosRequestModel.swift in Sources */,
				D048E3952A5958A600308D47 /* AppCollectionViewCell.swift in Sources */,
				D048E3BD2A59B15800308D47 /* ImageResourceHelper.swift in Sources */,
				D048E33B2A5917B300308D47 /* Genre.swift in Sources */,
				D048E4042A5A9E5500308D47 /* UIView+Extension.swift in Sources */,
				D048E3F82A5A7F6300308D47 /* ReviewsPresenter.swift in Sources */,
				D048E3A42A59860200308D47 /* Usecase.swift in Sources */,
				D048E3542A5940F200308D47 /* DomainModel.swift in Sources */,
				D048E3872A594D1100308D47 /* HomeViewController+Layout.swift in Sources */,
			);
			runOnlyForDeploymentPostprocessing = 0;
		};
/* End PBXSourcesBuildPhase section */

/* Begin PBXVariantGroup section */
		D03FF2412A5856F300F27A39 /* LaunchScreen.storyboard */ = {
			isa = PBXVariantGroup;
			children = (
				D03FF2422A5856F300F27A39 /* Base */,
			);
			name = LaunchScreen.storyboard;
			sourceTree = "<group>";
		};
/* End PBXVariantGroup section */

/* Begin XCBuildConfiguration section */
		D03FF25B2A5856F400F27A39 /* Debug */ = {
			isa = XCBuildConfiguration;
			buildSettings = {
				ALWAYS_SEARCH_USER_PATHS = NO;
				CLANG_ANALYZER_NONNULL = YES;
				CLANG_ANALYZER_NUMBER_OBJECT_CONVERSION = YES_AGGRESSIVE;
				CLANG_CXX_LANGUAGE_STANDARD = "gnu++20";
				CLANG_ENABLE_MODULES = YES;
				CLANG_ENABLE_OBJC_ARC = YES;
				CLANG_ENABLE_OBJC_WEAK = YES;
				CLANG_WARN_BLOCK_CAPTURE_AUTORELEASING = YES;
				CLANG_WARN_BOOL_CONVERSION = YES;
				CLANG_WARN_COMMA = YES;
				CLANG_WARN_CONSTANT_CONVERSION = YES;
				CLANG_WARN_DEPRECATED_OBJC_IMPLEMENTATIONS = YES;
				CLANG_WARN_DIRECT_OBJC_ISA_USAGE = YES_ERROR;
				CLANG_WARN_DOCUMENTATION_COMMENTS = YES;
				CLANG_WARN_EMPTY_BODY = YES;
				CLANG_WARN_ENUM_CONVERSION = YES;
				CLANG_WARN_INFINITE_RECURSION = YES;
				CLANG_WARN_INT_CONVERSION = YES;
				CLANG_WARN_NON_LITERAL_NULL_CONVERSION = YES;
				CLANG_WARN_OBJC_IMPLICIT_RETAIN_SELF = YES;
				CLANG_WARN_OBJC_LITERAL_CONVERSION = YES;
				CLANG_WARN_OBJC_ROOT_CLASS = YES_ERROR;
				CLANG_WARN_QUOTED_INCLUDE_IN_FRAMEWORK_HEADER = YES;
				CLANG_WARN_RANGE_LOOP_ANALYSIS = YES;
				CLANG_WARN_STRICT_PROTOTYPES = YES;
				CLANG_WARN_SUSPICIOUS_MOVE = YES;
				CLANG_WARN_UNGUARDED_AVAILABILITY = YES_AGGRESSIVE;
				CLANG_WARN_UNREACHABLE_CODE = YES;
				CLANG_WARN__DUPLICATE_METHOD_MATCH = YES;
				COPY_PHASE_STRIP = NO;
				DEBUG_INFORMATION_FORMAT = dwarf;
				ENABLE_STRICT_OBJC_MSGSEND = YES;
				ENABLE_TESTABILITY = YES;
				GCC_C_LANGUAGE_STANDARD = gnu11;
				GCC_DYNAMIC_NO_PIC = NO;
				GCC_NO_COMMON_BLOCKS = YES;
				GCC_OPTIMIZATION_LEVEL = 0;
				GCC_PREPROCESSOR_DEFINITIONS = (
					"DEBUG=1",
					"$(inherited)",
				);
				GCC_WARN_64_TO_32_BIT_CONVERSION = YES;
				GCC_WARN_ABOUT_RETURN_TYPE = YES_ERROR;
				GCC_WARN_UNDECLARED_SELECTOR = YES;
				GCC_WARN_UNINITIALIZED_AUTOS = YES_AGGRESSIVE;
				GCC_WARN_UNUSED_FUNCTION = YES;
				GCC_WARN_UNUSED_VARIABLE = YES;
				IPHONEOS_DEPLOYMENT_TARGET = 16.4;
				MTL_ENABLE_DEBUG_INFO = INCLUDE_SOURCE;
				MTL_FAST_MATH = YES;
				ONLY_ACTIVE_ARCH = YES;
				SDKROOT = iphoneos;
				SWIFT_ACTIVE_COMPILATION_CONDITIONS = DEBUG;
				SWIFT_OPTIMIZATION_LEVEL = "-Onone";
			};
			name = Debug;
		};
		D03FF25C2A5856F400F27A39 /* Release */ = {
			isa = XCBuildConfiguration;
			buildSettings = {
				ALWAYS_SEARCH_USER_PATHS = NO;
				CLANG_ANALYZER_NONNULL = YES;
				CLANG_ANALYZER_NUMBER_OBJECT_CONVERSION = YES_AGGRESSIVE;
				CLANG_CXX_LANGUAGE_STANDARD = "gnu++20";
				CLANG_ENABLE_MODULES = YES;
				CLANG_ENABLE_OBJC_ARC = YES;
				CLANG_ENABLE_OBJC_WEAK = YES;
				CLANG_WARN_BLOCK_CAPTURE_AUTORELEASING = YES;
				CLANG_WARN_BOOL_CONVERSION = YES;
				CLANG_WARN_COMMA = YES;
				CLANG_WARN_CONSTANT_CONVERSION = YES;
				CLANG_WARN_DEPRECATED_OBJC_IMPLEMENTATIONS = YES;
				CLANG_WARN_DIRECT_OBJC_ISA_USAGE = YES_ERROR;
				CLANG_WARN_DOCUMENTATION_COMMENTS = YES;
				CLANG_WARN_EMPTY_BODY = YES;
				CLANG_WARN_ENUM_CONVERSION = YES;
				CLANG_WARN_INFINITE_RECURSION = YES;
				CLANG_WARN_INT_CONVERSION = YES;
				CLANG_WARN_NON_LITERAL_NULL_CONVERSION = YES;
				CLANG_WARN_OBJC_IMPLICIT_RETAIN_SELF = YES;
				CLANG_WARN_OBJC_LITERAL_CONVERSION = YES;
				CLANG_WARN_OBJC_ROOT_CLASS = YES_ERROR;
				CLANG_WARN_QUOTED_INCLUDE_IN_FRAMEWORK_HEADER = YES;
				CLANG_WARN_RANGE_LOOP_ANALYSIS = YES;
				CLANG_WARN_STRICT_PROTOTYPES = YES;
				CLANG_WARN_SUSPICIOUS_MOVE = YES;
				CLANG_WARN_UNGUARDED_AVAILABILITY = YES_AGGRESSIVE;
				CLANG_WARN_UNREACHABLE_CODE = YES;
				CLANG_WARN__DUPLICATE_METHOD_MATCH = YES;
				COPY_PHASE_STRIP = NO;
				DEBUG_INFORMATION_FORMAT = "dwarf-with-dsym";
				ENABLE_NS_ASSERTIONS = NO;
				ENABLE_STRICT_OBJC_MSGSEND = YES;
				GCC_C_LANGUAGE_STANDARD = gnu11;
				GCC_NO_COMMON_BLOCKS = YES;
				GCC_WARN_64_TO_32_BIT_CONVERSION = YES;
				GCC_WARN_ABOUT_RETURN_TYPE = YES_ERROR;
				GCC_WARN_UNDECLARED_SELECTOR = YES;
				GCC_WARN_UNINITIALIZED_AUTOS = YES_AGGRESSIVE;
				GCC_WARN_UNUSED_FUNCTION = YES;
				GCC_WARN_UNUSED_VARIABLE = YES;
				IPHONEOS_DEPLOYMENT_TARGET = 16.4;
				MTL_ENABLE_DEBUG_INFO = NO;
				MTL_FAST_MATH = YES;
				SDKROOT = iphoneos;
				SWIFT_COMPILATION_MODE = wholemodule;
				SWIFT_OPTIMIZATION_LEVEL = "-O";
				VALIDATE_PRODUCT = YES;
			};
			name = Release;
		};
		D03FF25E2A5856F400F27A39 /* Debug */ = {
			isa = XCBuildConfiguration;
			baseConfigurationReference = 2C09C6262A14C8A02C24311E /* Pods-ndelook.debug.xcconfig */;
			buildSettings = {
				ASSETCATALOG_COMPILER_APPICON_NAME = AppIcon;
				ASSETCATALOG_COMPILER_GLOBAL_ACCENT_COLOR_NAME = AccentColor;
				CODE_SIGN_STYLE = Automatic;
				CURRENT_PROJECT_VERSION = 1;
				GENERATE_INFOPLIST_FILE = YES;
				INFOPLIST_FILE = ndelook/Info.plist;
				INFOPLIST_KEY_UIApplicationSupportsIndirectInputEvents = YES;
				INFOPLIST_KEY_UILaunchStoryboardName = LaunchScreen.storyboard;
				INFOPLIST_KEY_UISupportedInterfaceOrientations_iPad = "UIInterfaceOrientationPortrait UIInterfaceOrientationPortraitUpsideDown UIInterfaceOrientationLandscapeLeft UIInterfaceOrientationLandscapeRight";
				INFOPLIST_KEY_UISupportedInterfaceOrientations_iPhone = "UIInterfaceOrientationPortrait UIInterfaceOrientationLandscapeLeft UIInterfaceOrientationLandscapeRight";
				IPHONEOS_DEPLOYMENT_TARGET = 13.0;
				LD_RUNPATH_SEARCH_PATHS = (
					"$(inherited)",
					"@executable_path/Frameworks",
				);
				MARKETING_VERSION = 1.0;
				PRODUCT_BUNDLE_IDENTIFIER = id.ydhstj.ndelook;
				PRODUCT_NAME = "$(TARGET_NAME)";
				SWIFT_EMIT_LOC_STRINGS = YES;
				SWIFT_VERSION = 5.0;
				TARGETED_DEVICE_FAMILY = "1,2";
			};
			name = Debug;
		};
		D03FF25F2A5856F400F27A39 /* Release */ = {
			isa = XCBuildConfiguration;
			baseConfigurationReference = 167F3A51727AE602129DF068 /* Pods-ndelook.release.xcconfig */;
			buildSettings = {
				ASSETCATALOG_COMPILER_APPICON_NAME = AppIcon;
				ASSETCATALOG_COMPILER_GLOBAL_ACCENT_COLOR_NAME = AccentColor;
				CODE_SIGN_STYLE = Automatic;
				CURRENT_PROJECT_VERSION = 1;
				GENERATE_INFOPLIST_FILE = YES;
				INFOPLIST_FILE = ndelook/Info.plist;
				INFOPLIST_KEY_UIApplicationSupportsIndirectInputEvents = YES;
				INFOPLIST_KEY_UILaunchStoryboardName = LaunchScreen.storyboard;
				INFOPLIST_KEY_UISupportedInterfaceOrientations_iPad = "UIInterfaceOrientationPortrait UIInterfaceOrientationPortraitUpsideDown UIInterfaceOrientationLandscapeLeft UIInterfaceOrientationLandscapeRight";
				INFOPLIST_KEY_UISupportedInterfaceOrientations_iPhone = "UIInterfaceOrientationPortrait UIInterfaceOrientationLandscapeLeft UIInterfaceOrientationLandscapeRight";
				IPHONEOS_DEPLOYMENT_TARGET = 13.0;
				LD_RUNPATH_SEARCH_PATHS = (
					"$(inherited)",
					"@executable_path/Frameworks",
				);
				MARKETING_VERSION = 1.0;
				PRODUCT_BUNDLE_IDENTIFIER = id.ydhstj.ndelook;
				PRODUCT_NAME = "$(TARGET_NAME)";
				SWIFT_EMIT_LOC_STRINGS = YES;
				SWIFT_VERSION = 5.0;
				TARGETED_DEVICE_FAMILY = "1,2";
			};
			name = Release;
		};
/* End XCBuildConfiguration section */

/* Begin XCConfigurationList section */
		D03FF22E2A5856F200F27A39 /* Build configuration list for PBXProject "ndelook" */ = {
			isa = XCConfigurationList;
			buildConfigurations = (
				D03FF25B2A5856F400F27A39 /* Debug */,
				D03FF25C2A5856F400F27A39 /* Release */,
			);
			defaultConfigurationIsVisible = 0;
			defaultConfigurationName = Release;
		};
		D03FF25D2A5856F400F27A39 /* Build configuration list for PBXNativeTarget "ndelook" */ = {
			isa = XCConfigurationList;
			buildConfigurations = (
				D03FF25E2A5856F400F27A39 /* Debug */,
				D03FF25F2A5856F400F27A39 /* Release */,
			);
			defaultConfigurationIsVisible = 0;
			defaultConfigurationName = Release;
		};
/* End XCConfigurationList section */
	};
	rootObject = D03FF22B2A5856F200F27A39 /* Project object */;
}
